# This file is automatically @generated by Cargo.
# It is not intended for manual editing.
version = 3

[[package]]
name = "vbc-ci"
version = "0.0.0"

[[package]]
name = "vbc-editor"
version = "0.0.0"

[[package]]
name = "vbc-layout"
version = "0.0.0"

[[package]]
name = "vbc-oracle"
version = "0.0.0"
